
Microsoft Visual Studio Solution File, Format Version 12.00
# Visual Studio 14
VisualStudioVersion = 14.0.23107.0
MinimumVisualStudioVersion = 10.0.40219.1
Project("{FAE04EC0-301F-11D3-BF4B-00C04F79EFBC}") = "KnowMyCar_POC", "KnowMyCar_POC\KnowMyCar_POC.csproj", "{B05575D2-92FF-411A-A2D8-157932732377}"
EndProject
Project("{2150E333-8FDC-42A3-9474-1A3956D46DE8}") = "KnowMyCar.Models", "KnowMyCar.Models", "{524CE522-5851-434A-85F7-810FAACBC98C}"
EndProject
Project("{2150E333-8FDC-42A3-9474-1A3956D46DE8}") = "KnowMyCar.Entities", "KnowMyCar.Entities", "{BEF87DE0-EB8E-4C36-9239-4F0C186F6FBC}"
EndProject
Project("{FAE04EC0-301F-11D3-BF4B-00C04F79EFBC}") = "KnowMyCar.Models", "KnowMyCar.Models\KnowMyCar.Models.csproj", "{D42247B3-0EF1-4BB7-8696-0A7DD87A4B37}"
EndProject
Project("{FAE04EC0-301F-11D3-BF4B-00C04F79EFBC}") = "KnowMyCar.Entities", "KnowMyCar.Entities\KnowMyCar.Entities.csproj", "{22E97173-BAD4-4DF8-B1A5-685A066346C2}"
EndProject
Project("{2150E333-8FDC-42A3-9474-1A3956D46DE8}") = "KnowMyCar.DAL", "KnowMyCar.DAL", "{88B485A5-76E7-490D-ABD0-26E6AFD6686F}"
EndProject
Project("{2150E333-8FDC-42A3-9474-1A3956D46DE8}") = "KnowMyCar.App", "KnowMyCar.App", "{7517ED9F-A6D7-4C9E-940B-6161BEE47F11}"
EndProject
Project("{FAE04EC0-301F-11D3-BF4B-00C04F79EFBC}") = "KnowMyCar.DataAccessLayer", "KnowMyCar.DataAccessLayer\KnowMyCar.DataAccessLayer.csproj", "{F5E77AEF-2354-4B7B-AD30-FFB2EB457253}"
EndProject
Global
	GlobalSection(SolutionConfigurationPlatforms) = preSolution
		Debug|Any CPU = Debug|Any CPU
		Debug|ARM = Debug|ARM
		Debug|x64 = Debug|x64
		Debug|x86 = Debug|x86
		Release|Any CPU = Release|Any CPU
		Release|ARM = Release|ARM
		Release|x64 = Release|x64
		Release|x86 = Release|x86
	EndGlobalSection
	GlobalSection(ProjectConfigurationPlatforms) = postSolution
		{B05575D2-92FF-411A-A2D8-157932732377}.Debug|Any CPU.ActiveCfg = Debug|x64
		{B05575D2-92FF-411A-A2D8-157932732377}.Debug|Any CPU.Build.0 = Debug|x64
		{B05575D2-92FF-411A-A2D8-157932732377}.Debug|Any CPU.Deploy.0 = Debug|x64
		{B05575D2-92FF-411A-A2D8-157932732377}.Debug|ARM.ActiveCfg = Debug|ARM
		{B05575D2-92FF-411A-A2D8-157932732377}.Debug|ARM.Build.0 = Debug|ARM
		{B05575D2-92FF-411A-A2D8-157932732377}.Debug|ARM.Deploy.0 = Debug|ARM
		{B05575D2-92FF-411A-A2D8-157932732377}.Debug|x64.ActiveCfg = Debug|x64
		{B05575D2-92FF-411A-A2D8-157932732377}.Debug|x64.Build.0 = Debug|x64
		{B05575D2-92FF-411A-A2D8-157932732377}.Debug|x64.Deploy.0 = Debug|x64
		{B05575D2-92FF-411A-A2D8-157932732377}.Debug|x86.ActiveCfg = Debug|x86
		{B05575D2-92FF-411A-A2D8-157932732377}.Debug|x86.Build.0 = Debug|x86
		{B05575D2-92FF-411A-A2D8-157932732377}.Debug|x86.Deploy.0 = Debug|x86
		{B05575D2-92FF-411A-A2D8-157932732377}.Release|Any CPU.ActiveCfg = Release|x86
		{B05575D2-92FF-411A-A2D8-157932732377}.Release|ARM.ActiveCfg = Release|ARM
		{B05575D2-92FF-411A-A2D8-157932732377}.Release|ARM.Build.0 = Release|ARM
		{B05575D2-92FF-411A-A2D8-157932732377}.Release|ARM.Deploy.0 = Release|ARM
		{B05575D2-92FF-411A-A2D8-157932732377}.Release|x64.ActiveCfg = Release|x64
		{B05575D2-92FF-411A-A2D8-157932732377}.Release|x64.Build.0 = Release|x64
		{B05575D2-92FF-411A-A2D8-157932732377}.Release|x64.Deploy.0 = Release|x64
		{B05575D2-92FF-411A-A2D8-157932732377}.Release|x86.ActiveCfg = Release|x86
		{B05575D2-92FF-411A-A2D8-157932732377}.Release|x86.Build.0 = Release|x86
		{B05575D2-92FF-411A-A2D8-157932732377}.Release|x86.Deploy.0 = Release|x86
		{D42247B3-0EF1-4BB7-8696-0A7DD87A4B37}.Debug|Any CPU.ActiveCfg = Debug|Any CPU
		{D42247B3-0EF1-4BB7-8696-0A7DD87A4B37}.Debug|Any CPU.Build.0 = Debug|Any CPU
		{D42247B3-0EF1-4BB7-8696-0A7DD87A4B37}.Debug|ARM.ActiveCfg = Debug|ARM
		{D42247B3-0EF1-4BB7-8696-0A7DD87A4B37}.Debug|ARM.Build.0 = Debug|ARM
		{D42247B3-0EF1-4BB7-8696-0A7DD87A4B37}.Debug|x64.ActiveCfg = Debug|x64
		{D42247B3-0EF1-4BB7-8696-0A7DD87A4B37}.Debug|x64.Build.0 = Debug|x64
		{D42247B3-0EF1-4BB7-8696-0A7DD87A4B37}.Debug|x86.ActiveCfg = Debug|x86
		{D42247B3-0EF1-4BB7-8696-0A7DD87A4B37}.Debug|x86.Build.0 = Debug|x86
		{D42247B3-0EF1-4BB7-8696-0A7DD87A4B37}.Release|Any CPU.ActiveCfg = Release|Any CPU
		{D42247B3-0EF1-4BB7-8696-0A7DD87A4B37}.Release|Any CPU.Build.0 = Release|Any CPU
		{D42247B3-0EF1-4BB7-8696-0A7DD87A4B37}.Release|ARM.ActiveCfg = Release|ARM
		{D42247B3-0EF1-4BB7-8696-0A7DD87A4B37}.Release|ARM.Build.0 = Release|ARM
		{D42247B3-0EF1-4BB7-8696-0A7DD87A4B37}.Release|x64.ActiveCfg = Release|x64
		{D42247B3-0EF1-4BB7-8696-0A7DD87A4B37}.Release|x64.Build.0 = Release|x64
		{D42247B3-0EF1-4BB7-8696-0A7DD87A4B37}.Release|x86.ActiveCfg = Release|x86
		{D42247B3-0EF1-4BB7-8696-0A7DD87A4B37}.Release|x86.Build.0 = Release|x86
		{22E97173-BAD4-4DF8-B1A5-685A066346C2}.Debug|Any CPU.ActiveCfg = Debug|Any CPU
		{22E97173-BAD4-4DF8-B1A5-685A066346C2}.Debug|Any CPU.Build.0 = Debug|Any CPU
		{22E97173-BAD4-4DF8-B1A5-685A066346C2}.Debug|ARM.ActiveCfg = Debug|ARM
		{22E97173-BAD4-4DF8-B1A5-685A066346C2}.Debug|ARM.Build.0 = Debug|ARM
		{22E97173-BAD4-4DF8-B1A5-685A066346C2}.Debug|x64.ActiveCfg = Debug|x64
		{22E97173-BAD4-4DF8-B1A5-685A066346C2}.Debug|x64.Build.0 = Debug|x64
		{22E97173-BAD4-4DF8-B1A5-685A066346C2}.Debug|x86.ActiveCfg = Debug|x86
		{22E97173-BAD4-4DF8-B1A5-685A066346C2}.Debug|x86.Build.0 = Debug|x86
		{22E97173-BAD4-4DF8-B1A5-685A066346C2}.Release|Any CPU.ActiveCfg = Release|Any CPU
		{22E97173-BAD4-4DF8-B1A5-685A066346C2}.Release|Any CPU.Build.0 = Release|Any CPU
		{22E97173-BAD4-4DF8-B1A5-685A066346C2}.Release|ARM.ActiveCfg = Release|ARM
		{22E97173-BAD4-4DF8-B1A5-685A066346C2}.Release|ARM.Build.0 = Release|ARM
		{22E97173-BAD4-4DF8-B1A5-685A066346C2}.Release|x64.ActiveCfg = Release|x64
		{22E97173-BAD4-4DF8-B1A5-685A066346C2}.Release|x64.Build.0 = Release|x64
		{22E97173-BAD4-4DF8-B1A5-685A066346C2}.Release|x86.ActiveCfg = Release|x86
		{22E97173-BAD4-4DF8-B1A5-685A066346C2}.Release|x86.Build.0 = Release|x86
		{F5E77AEF-2354-4B7B-AD30-FFB2EB457253}.Debug|Any CPU.ActiveCfg = Debug|Any CPU
		{F5E77AEF-2354-4B7B-AD30-FFB2EB457253}.Debug|Any CPU.Build.0 = Debug|Any CPU
		{F5E77AEF-2354-4B7B-AD30-FFB2EB457253}.Debug|ARM.ActiveCfg = Debug|ARM
		{F5E77AEF-2354-4B7B-AD30-FFB2EB457253}.Debug|ARM.Build.0 = Debug|ARM
		{F5E77AEF-2354-4B7B-AD30-FFB2EB457253}.Debug|x64.ActiveCfg = Debug|x64
		{F5E77AEF-2354-4B7B-AD30-FFB2EB457253}.Debug|x64.Build.0 = Debug|x64
		{F5E77AEF-2354-4B7B-AD30-FFB2EB457253}.Debug|x86.ActiveCfg = Debug|x86
		{F5E77AEF-2354-4B7B-AD30-FFB2EB457253}.Debug|x86.Build.0 = Debug|x86
		{F5E77AEF-2354-4B7B-AD30-FFB2EB457253}.Release|Any CPU.ActiveCfg = Release|Any CPU
		{F5E77AEF-2354-4B7B-AD30-FFB2EB457253}.Release|Any CPU.Build.0 = Release|Any CPU
		{F5E77AEF-2354-4B7B-AD30-FFB2EB457253}.Release|ARM.ActiveCfg = Release|ARM
		{F5E77AEF-2354-4B7B-AD30-FFB2EB457253}.Release|ARM.Build.0 = Release|ARM
		{F5E77AEF-2354-4B7B-AD30-FFB2EB457253}.Release|x64.ActiveCfg = Release|x64
		{F5E77AEF-2354-4B7B-AD30-FFB2EB457253}.Release|x64.Build.0 = Release|x64
		{F5E77AEF-2354-4B7B-AD30-FFB2EB457253}.Release|x86.ActiveCfg = Release|x86
		{F5E77AEF-2354-4B7B-AD30-FFB2EB457253}.Release|x86.Build.0 = Release|x86
	EndGlobalSection
	GlobalSection(SolutionProperties) = preSolution
		HideSolutionNode = FALSE
	EndGlobalSection
	GlobalSection(NestedProjects) = preSolution
		{B05575D2-92FF-411A-A2D8-157932732377} = {7517ED9F-A6D7-4C9E-940B-6161BEE47F11}
		{D42247B3-0EF1-4BB7-8696-0A7DD87A4B37} = {524CE522-5851-434A-85F7-810FAACBC98C}
		{22E97173-BAD4-4DF8-B1A5-685A066346C2} = {BEF87DE0-EB8E-4C36-9239-4F0C186F6FBC}
		{F5E77AEF-2354-4B7B-AD30-FFB2EB457253} = {88B485A5-76E7-490D-ABD0-26E6AFD6686F}
	EndGlobalSection
EndGlobal
